
Microsoft Visual Studio Solution File, Format Version 12.00
# Visual Studio Version 17
VisualStudioVersion = 17.0.31710.8
MinimumVisualStudioVersion = 10.0.40219.1
Project("{FAE04EC0-301F-11D3-BF4B-00C04F79EFBC}") = "App_List", "App_List\App_List.csproj", "{CE9B331C-2784-4A9B-9D9A-A3C5E930B1D5}"
EndProject
Global
	GlobalSection(SolutionConfigurationPlatforms) = preSolution
		Debug|Any CPU = Debug|Any CPU
		Release|Any CPU = Release|Any CPU
	EndGlobalSection
	GlobalSection(ProjectConfigurationPlatforms) = postSolution
		{CE9B331C-2784-4A9B-9D9A-A3C5E930B1D5}.Debug|Any CPU.ActiveCfg = Debug|Any CPU
		{CE9B331C-2784-4A9B-9D9A-A3C5E930B1D5}.Debug|Any CPU.Build.0 = Debug|Any CPU
		{CE9B331C-2784-4A9B-9D9A-A3C5E930B1D5}.Release|Any CPU.ActiveCfg = Release|Any CPU
		{CE9B331C-2784-4A9B-9D9A-A3C5E930B1D5}.Release|Any CPU.Build.0 = Release|Any CPU
	EndGlobalSection
	GlobalSection(SolutionProperties) = preSolution
		HideSolutionNode = FALSE
	EndGlobalSection
	GlobalSection(ExtensibilityGlobals) = postSolution
		SolutionGuid = {FA2D3638-4B57-4C53-9390-F189D8BE0728}
	EndGlobalSection
EndGlobal
